
Microsoft Visual Studio Solution File, Format Version 12.00
# Visual Studio 15
VisualStudioVersion = 15.0.26403.7
MinimumVisualStudioVersion = 10.0.40219.1
Project("{8BC9CEB8-8B4A-11D0-8D11-00A0C91BC942}") = "CoreStructure", "CoreStructure\CoreStructure.vcxproj", "{142B243F-6A17-420E-A9DF-7BFD99F81F83}"
EndProject
Project("{2150E333-8FDC-42A3-9474-1A3956D46DE8}") = "Core", "Core", "{CE60387B-01ED-45AB-9671-ED12CCBC28B4}"
EndProject
Project("{8BC9CEB8-8B4A-11D0-8D11-00A0C91BC942}") = "CoreCharacter", "CoreCharacter\Character.vcxproj", "{633756C3-DC5F-43E8-9E34-FF80E11656AB}"
EndProject
Project("{8BC9CEB8-8B4A-11D0-8D11-00A0C91BC942}") = "CoreGeometry", "CoreGeometry\geometry.vcxproj", "{3099F08F-58A9-4932-88FD-BBA867FEA731}"
EndProject
Project("{8BC9CEB8-8B4A-11D0-8D11-00A0C91BC942}") = "CoreCharacter.Tests", "..\Tests\CoreCharacter.Tests\CoreCharacter.Tests.vcxproj", "{B1440B57-A087-4A8C-AA69-2752603E7AEF}"
EndProject
Global
	GlobalSection(SolutionConfigurationPlatforms) = preSolution
		Debug|x64 = Debug|x64
		Debug|x86 = Debug|x86
		Release|x64 = Release|x64
		Release|x86 = Release|x86
	EndGlobalSection
	GlobalSection(ProjectConfigurationPlatforms) = postSolution
		{142B243F-6A17-420E-A9DF-7BFD99F81F83}.Debug|x64.ActiveCfg = Debug|x64
		{142B243F-6A17-420E-A9DF-7BFD99F81F83}.Debug|x64.Build.0 = Debug|x64
		{142B243F-6A17-420E-A9DF-7BFD99F81F83}.Debug|x86.ActiveCfg = Debug|Win32
		{142B243F-6A17-420E-A9DF-7BFD99F81F83}.Debug|x86.Build.0 = Debug|Win32
		{142B243F-6A17-420E-A9DF-7BFD99F81F83}.Release|x64.ActiveCfg = Release|x64
		{142B243F-6A17-420E-A9DF-7BFD99F81F83}.Release|x64.Build.0 = Release|x64
		{142B243F-6A17-420E-A9DF-7BFD99F81F83}.Release|x86.ActiveCfg = Release|Win32
		{142B243F-6A17-420E-A9DF-7BFD99F81F83}.Release|x86.Build.0 = Release|Win32
		{633756C3-DC5F-43E8-9E34-FF80E11656AB}.Debug|x64.ActiveCfg = Debug|x64
		{633756C3-DC5F-43E8-9E34-FF80E11656AB}.Debug|x64.Build.0 = Debug|x64
		{633756C3-DC5F-43E8-9E34-FF80E11656AB}.Debug|x86.ActiveCfg = Debug|Win32
		{633756C3-DC5F-43E8-9E34-FF80E11656AB}.Debug|x86.Build.0 = Debug|Win32
		{633756C3-DC5F-43E8-9E34-FF80E11656AB}.Release|x64.ActiveCfg = Release|x64
		{633756C3-DC5F-43E8-9E34-FF80E11656AB}.Release|x64.Build.0 = Release|x64
		{633756C3-DC5F-43E8-9E34-FF80E11656AB}.Release|x86.ActiveCfg = Release|Win32
		{633756C3-DC5F-43E8-9E34-FF80E11656AB}.Release|x86.Build.0 = Release|Win32
		{3099F08F-58A9-4932-88FD-BBA867FEA731}.Debug|x64.ActiveCfg = Debug|x64
		{3099F08F-58A9-4932-88FD-BBA867FEA731}.Debug|x64.Build.0 = Debug|x64
		{3099F08F-58A9-4932-88FD-BBA867FEA731}.Debug|x86.ActiveCfg = Debug|Win32
		{3099F08F-58A9-4932-88FD-BBA867FEA731}.Debug|x86.Build.0 = Debug|Win32
		{3099F08F-58A9-4932-88FD-BBA867FEA731}.Release|x64.ActiveCfg = Release|x64
		{3099F08F-58A9-4932-88FD-BBA867FEA731}.Release|x64.Build.0 = Release|x64
		{3099F08F-58A9-4932-88FD-BBA867FEA731}.Release|x86.ActiveCfg = Release|Win32
		{3099F08F-58A9-4932-88FD-BBA867FEA731}.Release|x86.Build.0 = Release|Win32
		{B1440B57-A087-4A8C-AA69-2752603E7AEF}.Debug|x64.ActiveCfg = Debug|x64
		{B1440B57-A087-4A8C-AA69-2752603E7AEF}.Debug|x64.Build.0 = Debug|x64
		{B1440B57-A087-4A8C-AA69-2752603E7AEF}.Debug|x86.ActiveCfg = Debug|Win32
		{B1440B57-A087-4A8C-AA69-2752603E7AEF}.Debug|x86.Build.0 = Debug|Win32
		{B1440B57-A087-4A8C-AA69-2752603E7AEF}.Release|x64.ActiveCfg = Release|x64
		{B1440B57-A087-4A8C-AA69-2752603E7AEF}.Release|x64.Build.0 = Release|x64
		{B1440B57-A087-4A8C-AA69-2752603E7AEF}.Release|x86.ActiveCfg = Release|Win32
		{B1440B57-A087-4A8C-AA69-2752603E7AEF}.Release|x86.Build.0 = Release|Win32
	EndGlobalSection
	GlobalSection(SolutionProperties) = preSolution
		HideSolutionNode = FALSE
	EndGlobalSection
	GlobalSection(NestedProjects) = preSolution
		{142B243F-6A17-420E-A9DF-7BFD99F81F83} = {CE60387B-01ED-45AB-9671-ED12CCBC28B4}
		{633756C3-DC5F-43E8-9E34-FF80E11656AB} = {CE60387B-01ED-45AB-9671-ED12CCBC28B4}
		{3099F08F-58A9-4932-88FD-BBA867FEA731} = {CE60387B-01ED-45AB-9671-ED12CCBC28B4}
	EndGlobalSection
EndGlobal
